
Microsoft Visual Studio Solution File, Format Version 12.00
# Visual Studio Version 16
VisualStudioVersion = 16.0.31702.278
MinimumVisualStudioVersion = 10.0.40219.1
Project("{FAE04EC0-301F-11D3-BF4B-00C04F79EFBC}") = "MCTunes", "MCTunes\MCTunes.csproj", "{C529D75C-EBC0-4219-9739-F95E16FE9E1C}"
EndProject
Global
	GlobalSection(SolutionConfigurationPlatforms) = preSolution
		Debug|Any CPU = Debug|Any CPU
		Release|Any CPU = Release|Any CPU
	EndGlobalSection
	GlobalSection(ProjectConfigurationPlatforms) = postSolution
		{C529D75C-EBC0-4219-9739-F95E16FE9E1C}.Debug|Any CPU.ActiveCfg = Debug|Any CPU
		{C529D75C-EBC0-4219-9739-F95E16FE9E1C}.Debug|Any CPU.Build.0 = Debug|Any CPU
		{C529D75C-EBC0-4219-9739-F95E16FE9E1C}.Release|Any CPU.ActiveCfg = Release|Any CPU
		{C529D75C-EBC0-4219-9739-F95E16FE9E1C}.Release|Any CPU.Build.0 = Release|Any CPU
	EndGlobalSection
	GlobalSection(SolutionProperties) = preSolution
		HideSolutionNode = FALSE
	EndGlobalSection
	GlobalSection(ExtensibilityGlobals) = postSolution
		SolutionGuid = {9E2C3835-CEC4-48C6-805B-3140EF7B4367}
	EndGlobalSection
EndGlobal
